
Microsoft Visual Studio Solution File, Format Version 12.00
# Visual Studio Version 17
VisualStudioVersion = 17.4.33103.184
MinimumVisualStudioVersion = 10.0.40219.1
Project("{FAE04EC0-301F-11D3-BF4B-00C04F79EFBC}") = "WpfApp2", "WpfApp2\WpfApp2.csproj", "{1DD83DDE-1A81-4107-B7BE-F2A93EF936D3}"
EndProject
Global
	GlobalSection(SolutionConfigurationPlatforms) = preSolution
		Debug|Any CPU = Debug|Any CPU
		Release|Any CPU = Release|Any CPU
	EndGlobalSection
	GlobalSection(ProjectConfigurationPlatforms) = postSolution
		{1DD83DDE-1A81-4107-B7BE-F2A93EF936D3}.Debug|Any CPU.ActiveCfg = Debug|Any CPU
		{1DD83DDE-1A81-4107-B7BE-F2A93EF936D3}.Debug|Any CPU.Build.0 = Debug|Any CPU
		{1DD83DDE-1A81-4107-B7BE-F2A93EF936D3}.Release|Any CPU.ActiveCfg = Release|Any CPU
		{1DD83DDE-1A81-4107-B7BE-F2A93EF936D3}.Release|Any CPU.Build.0 = Release|Any CPU
	EndGlobalSection
	GlobalSection(SolutionProperties) = preSolution
		HideSolutionNode = FALSE
	EndGlobalSection
	GlobalSection(ExtensibilityGlobals) = postSolution
		SolutionGuid = {0C3DA21F-44DA-4781-BB52-97D094C844F6}
	EndGlobalSection
EndGlobal
